// !$*UTF8*$!
{
	archiveVersion = 1;
	classes = {
	};
	objectVersion = 50;
	objects = {

/* Begin PBXBuildFile section */
		4FC99C2A644A4641FE1C5C9D /* Pods_testingPods.framework in Frameworks */ = {isa = PBXBuildFile; fileRef = 25858D41C66AD9DF3440CCAB /* Pods_testingPods.framework */; };
		EE464A8F22524381001DA1B3 /* AppDelegate.swift in Sources */ = {isa = PBXBuildFile; fileRef = EE464A8E22524381001DA1B3 /* AppDelegate.swift */; };
		EE464A9122524381001DA1B3 /* ViewController.swift in Sources */ = {isa = PBXBuildFile; fileRef = EE464A9022524381001DA1B3 /* ViewController.swift */; };
		EE464A9422524381001DA1B3 /* Main.storyboard in Resources */ = {isa = PBXBuildFile; fileRef = EE464A9222524381001DA1B3 /* Main.storyboard */; };
		EE464A9622524383001DA1B3 /* Assets.xcassets in Resources */ = {isa = PBXBuildFile; fileRef = EE464A9522524383001DA1B3 /* Assets.xcassets */; };
		EE464A9922524383001DA1B3 /* LaunchScreen.storyboard in Resources */ = {isa = PBXBuildFile; fileRef = EE464A9722524383001DA1B3 /* LaunchScreen.storyboard */; };
		EEAE3E69226F895B00D8170D /* UIScrollSB.storyboard in Resources */ = {isa = PBXBuildFile; fileRef = EEAE3E68226F895B00D8170D /* UIScrollSB.storyboard */; };
		EEAE3E6B226F897300D8170D /* UIScrollViewController.swift in Sources */ = {isa = PBXBuildFile; fileRef = EEAE3E6A226F897300D8170D /* UIScrollViewController.swift */; };
		EEAE3E78226FF9DB00D8170D /* ColorUtil.swift in Sources */ = {isa = PBXBuildFile; fileRef = EEAE3E77226FF9DB00D8170D /* ColorUtil.swift */; };
		EEAE3E7B226FFA6A00D8170D /* UIView+.swift in Sources */ = {isa = PBXBuildFile; fileRef = EEAE3E7A226FFA6A00D8170D /* UIView+.swift */; };
		EEAE3E83226FFEA200D8170D /* Toolbar.xib in Resources */ = {isa = PBXBuildFile; fileRef = EEAE3E81226FFEA200D8170D /* Toolbar.xib */; };
		EEAE3E84226FFEA200D8170D /* Toolbar.swift in Sources */ = {isa = PBXBuildFile; fileRef = EEAE3E82226FFEA200D8170D /* Toolbar.swift */; };
		EEAE3E89227007B300D8170D /* CustomCell1TableViewCell.swift in Sources */ = {isa = PBXBuildFile; fileRef = EEAE3E88227007B300D8170D /* CustomCell1TableViewCell.swift */; };
		EEAE3E8C227007C400D8170D /* CustomCell1.xib in Resources */ = {isa = PBXBuildFile; fileRef = EEAE3E8B227007C400D8170D /* CustomCell1.xib */; };
		EEAE3E8F22703A6700D8170D /* UITableViewSB.storyboard in Resources */ = {isa = PBXBuildFile; fileRef = EEAE3E8E22703A6700D8170D /* UITableViewSB.storyboard */; };
		EEAE3E912270560200D8170D /* TableViewController.swift in Sources */ = {isa = PBXBuildFile; fileRef = EEAE3E902270560200D8170D /* TableViewController.swift */; };
		EEAE3E942274BD7E00D8170D /* UITableViewModelContent.swift in Sources */ = {isa = PBXBuildFile; fileRef = EEAE3E932274BD7E00D8170D /* UITableViewModelContent.swift */; };
		EEAE3E9A2275AEA500D8170D /* UITableView+.swift in Sources */ = {isa = PBXBuildFile; fileRef = EEAE3E992275AEA500D8170D /* UITableView+.swift */; };
		EEAE3E9B2275B50900D8170D /* CustomCell1.xib in CopyFiles */ = {isa = PBXBuildFile; fileRef = EEAE3E8B227007C400D8170D /* CustomCell1.xib */; };
		EEAE3E9F2275D14E00D8170D /* CollectionCell1.xib in Resources */ = {isa = PBXBuildFile; fileRef = EEAE3E9E2275D14E00D8170D /* CollectionCell1.xib */; };
		EEAE3EA12275D19000D8170D /* CollectionCell1CollectionViewCell.swift in Sources */ = {isa = PBXBuildFile; fileRef = EEAE3EA02275D19000D8170D /* CollectionCell1CollectionViewCell.swift */; };
		EEAE3EA42275D3C900D8170D /* UICollectionView+.swift in Sources */ = {isa = PBXBuildFile; fileRef = EEAE3EA32275D3C900D8170D /* UICollectionView+.swift */; };
		EEAE3EA82275F1BC00D8170D /* UICollection.storyboard in Resources */ = {isa = PBXBuildFile; fileRef = EEAE3EA72275F1BC00D8170D /* UICollection.storyboard */; };
		EEAE3EAA2275F1D500D8170D /* UICollectionViewController.swift in Sources */ = {isa = PBXBuildFile; fileRef = EEAE3EA92275F1D500D8170D /* UICollectionViewController.swift */; };
/* End PBXBuildFile section */

/* Begin PBXCopyFilesBuildPhase section */
		EEAE3E7C226FFC7500D8170D /* CopyFiles */ = {
			isa = PBXCopyFilesBuildPhase;
			buildActionMask = 2147483647;
			dstPath = "";
			dstSubfolderSpec = 7;
			files = (
				EEAE3E9B2275B50900D8170D /* CustomCell1.xib in CopyFiles */,
			);
			runOnlyForDeploymentPostprocessing = 0;
		};
/* End PBXCopyFilesBuildPhase section */

/* Begin PBXFileReference section */
		25858D41C66AD9DF3440CCAB /* Pods_testingPods.framework */ = {isa = PBXFileReference; explicitFileType = wrapper.framework; includeInIndex = 0; path = Pods_testingPods.framework; sourceTree = BUILT_PRODUCTS_DIR; };
		79DF2F262106F0A17B7794DB /* Pods-testingPods.release.xcconfig */ = {isa = PBXFileReference; includeInIndex = 1; lastKnownFileType = text.xcconfig; name = "Pods-testingPods.release.xcconfig"; path = "Pods/Target Support Files/Pods-testingPods/Pods-testingPods.release.xcconfig"; sourceTree = "<group>"; };
		DF431A57267CB642FAF7B41E /* Pods-testingPods.debug.xcconfig */ = {isa = PBXFileReference; includeInIndex = 1; lastKnownFileType = text.xcconfig; name = "Pods-testingPods.debug.xcconfig"; path = "Pods/Target Support Files/Pods-testingPods/Pods-testingPods.debug.xcconfig"; sourceTree = "<group>"; };
		EE464A8B22524381001DA1B3 /* testingPods.app */ = {isa = PBXFileReference; explicitFileType = wrapper.application; includeInIndex = 0; path = testingPods.app; sourceTree = BUILT_PRODUCTS_DIR; };
		EE464A8E22524381001DA1B3 /* AppDelegate.swift */ = {isa = PBXFileReference; lastKnownFileType = sourcecode.swift; path = AppDelegate.swift; sourceTree = "<group>"; };
		EE464A9022524381001DA1B3 /* ViewController.swift */ = {isa = PBXFileReference; lastKnownFileType = sourcecode.swift; path = ViewController.swift; sourceTree = "<group>"; };
		EE464A9322524381001DA1B3 /* Base */ = {isa = PBXFileReference; lastKnownFileType = file.storyboard; name = Base; path = Base.lproj/Main.storyboard; sourceTree = "<group>"; };
		EE464A9522524383001DA1B3 /* Assets.xcassets */ = {isa = PBXFileReference; lastKnownFileType = folder.assetcatalog; path = Assets.xcassets; sourceTree = "<group>"; };
		EE464A9822524383001DA1B3 /* Base */ = {isa = PBXFileReference; lastKnownFileType = file.storyboard; name = Base; path = Base.lproj/LaunchScreen.storyboard; sourceTree = "<group>"; };
		EE464A9A22524383001DA1B3 /* Info.plist */ = {isa = PBXFileReference; lastKnownFileType = text.plist.xml; path = Info.plist; sourceTree = "<group>"; };
		EEAE3E68226F895B00D8170D /* UIScrollSB.storyboard */ = {isa = PBXFileReference; lastKnownFileType = file.storyboard; path = UIScrollSB.storyboard; sourceTree = "<group>"; };
		EEAE3E6A226F897300D8170D /* UIScrollViewController.swift */ = {isa = PBXFileReference; lastKnownFileType = sourcecode.swift; path = UIScrollViewController.swift; sourceTree = "<group>"; };
		EEAE3E77226FF9DB00D8170D /* ColorUtil.swift */ = {isa = PBXFileReference; lastKnownFileType = sourcecode.swift; path = ColorUtil.swift; sourceTree = "<group>"; };
		EEAE3E7A226FFA6A00D8170D /* UIView+.swift */ = {isa = PBXFileReference; lastKnownFileType = sourcecode.swift; path = "UIView+.swift"; sourceTree = "<group>"; };
		EEAE3E81226FFEA200D8170D /* Toolbar.xib */ = {isa = PBXFileReference; fileEncoding = 4; lastKnownFileType = file.xib; name = Toolbar.xib; path = testingPods/Views/customUI/toolbar/toolbar/Toolbar.xib; sourceTree = SOURCE_ROOT; };
		EEAE3E82226FFEA200D8170D /* Toolbar.swift */ = {isa = PBXFileReference; fileEncoding = 4; lastKnownFileType = sourcecode.swift; name = Toolbar.swift; path = testingPods/Views/customUI/toolbar/toolbar/Toolbar.swift; sourceTree = SOURCE_ROOT; };
		EEAE3E88227007B300D8170D /* CustomCell1TableViewCell.swift */ = {isa = PBXFileReference; lastKnownFileType = sourcecode.swift; path = CustomCell1TableViewCell.swift; sourceTree = "<group>"; };
		EEAE3E8B227007C400D8170D /* CustomCell1.xib */ = {isa = PBXFileReference; lastKnownFileType = file.xib; path = CustomCell1.xib; sourceTree = "<group>"; };
		EEAE3E8E22703A6700D8170D /* UITableViewSB.storyboard */ = {isa = PBXFileReference; lastKnownFileType = file.storyboard; path = UITableViewSB.storyboard; sourceTree = "<group>"; };
		EEAE3E902270560200D8170D /* TableViewController.swift */ = {isa = PBXFileReference; lastKnownFileType = sourcecode.swift; path = TableViewController.swift; sourceTree = "<group>"; };
		EEAE3E932274BD7E00D8170D /* UITableViewModelContent.swift */ = {isa = PBXFileReference; lastKnownFileType = sourcecode.swift; path = UITableViewModelContent.swift; sourceTree = "<group>"; };
		EEAE3E992275AEA500D8170D /* UITableView+.swift */ = {isa = PBXFileReference; lastKnownFileType = sourcecode.swift; path = "UITableView+.swift"; sourceTree = "<group>"; };
		EEAE3E9E2275D14E00D8170D /* CollectionCell1.xib */ = {isa = PBXFileReference; lastKnownFileType = file.xib; path = CollectionCell1.xib; sourceTree = "<group>"; };
		EEAE3EA02275D19000D8170D /* CollectionCell1CollectionViewCell.swift */ = {isa = PBXFileReference; lastKnownFileType = sourcecode.swift; path = CollectionCell1CollectionViewCell.swift; sourceTree = "<group>"; };
		EEAE3EA32275D3C900D8170D /* UICollectionView+.swift */ = {isa = PBXFileReference; lastKnownFileType = sourcecode.swift; path = "UICollectionView+.swift"; sourceTree = "<group>"; };
		EEAE3EA72275F1BC00D8170D /* UICollection.storyboard */ = {isa = PBXFileReference; lastKnownFileType = file.storyboard; path = UICollection.storyboard; sourceTree = "<group>"; };
		EEAE3EA92275F1D500D8170D /* UICollectionViewController.swift */ = {isa = PBXFileReference; lastKnownFileType = sourcecode.swift; path = UICollectionViewController.swift; sourceTree = "<group>"; };
/* End PBXFileReference section */

/* Begin PBXFrameworksBuildPhase section */
		EE464A8822524381001DA1B3 /* Frameworks */ = {
			isa = PBXFrameworksBuildPhase;
			buildActionMask = 2147483647;
			files = (
				4FC99C2A644A4641FE1C5C9D /* Pods_testingPods.framework in Frameworks */,
			);
			runOnlyForDeploymentPostprocessing = 0;
		};
/* End PBXFrameworksBuildPhase section */

/* Begin PBXGroup section */
		45C228C4386D6ED915E2C125 /* Pods */ = {
			isa = PBXGroup;
			children = (
				DF431A57267CB642FAF7B41E /* Pods-testingPods.debug.xcconfig */,
				79DF2F262106F0A17B7794DB /* Pods-testingPods.release.xcconfig */,
			);
			name = Pods;
			sourceTree = "<group>";
		};
		7FC8316808545444A11F1504 /* Frameworks */ = {
			isa = PBXGroup;
			children = (
				25858D41C66AD9DF3440CCAB /* Pods_testingPods.framework */,
			);
			name = Frameworks;
			sourceTree = "<group>";
		};
		EE464A8222524381001DA1B3 = {
			isa = PBXGroup;
			children = (
				EE464A8D22524381001DA1B3 /* testingPods */,
				EE464A8C22524381001DA1B3 /* Products */,
				45C228C4386D6ED915E2C125 /* Pods */,
				7FC8316808545444A11F1504 /* Frameworks */,
			);
			sourceTree = "<group>";
		};
		EE464A8C22524381001DA1B3 /* Products */ = {
			isa = PBXGroup;
			children = (
				EE464A8B22524381001DA1B3 /* testingPods.app */,
			);
			name = Products;
			sourceTree = "<group>";
		};
		EE464A8D22524381001DA1B3 /* testingPods */ = {
			isa = PBXGroup;
			children = (
				EEAE3E66226F893D00D8170D /* Views */,
				EE464A8E22524381001DA1B3 /* AppDelegate.swift */,
				EE464A9022524381001DA1B3 /* ViewController.swift */,
				EE464A9222524381001DA1B3 /* Main.storyboard */,
				EE464A9522524383001DA1B3 /* Assets.xcassets */,
				EE464A9722524383001DA1B3 /* LaunchScreen.storyboard */,
				EE464A9A22524383001DA1B3 /* Info.plist */,
			);
			path = testingPods;
			sourceTree = "<group>";
		};
		EEAE3E66226F893D00D8170D /* Views */ = {
			isa = PBXGroup;
			children = (
				EEAE3E6D226FF3AA00D8170D /* customUI */,
				EEAE3EA62275F19A00D8170D /* UICollectionView */,
				EEAE3E8D22703A5100D8170D /* UITableView */,
				EEAE3E67226F894C00D8170D /* UIScroll */,
			);
			path = Views;
			sourceTree = "<group>";
		};
		EEAE3E67226F894C00D8170D /* UIScroll */ = {
			isa = PBXGroup;
			children = (
				EEAE3E68226F895B00D8170D /* UIScrollSB.storyboard */,
				EEAE3E6A226F897300D8170D /* UIScrollViewController.swift */,
			);
			path = UIScroll;
			sourceTree = "<group>";
		};
		EEAE3E6D226FF3AA00D8170D /* customUI */ = {
			isa = PBXGroup;
			children = (
				EEAE3E9C2275D10800D8170D /* collectionView */,
				EEAE3E852270078300D8170D /* tableView */,
				EEAE3E79226FFA5C00D8170D /* extensions */,
				EEAE3E76226FF9CB00D8170D /* Util */,
				EEAE3E6E226FF3B200D8170D /* toolbar */,
			);
			path = customUI;
			sourceTree = "<group>";
		};
		EEAE3E6E226FF3B200D8170D /* toolbar */ = {
			isa = PBXGroup;
			children = (
				EEAE3E80226FFE8900D8170D /* toolbar1 */,
			);
			path = toolbar;
			sourceTree = "<group>";
		};
		EEAE3E76226FF9CB00D8170D /* Util */ = {
			isa = PBXGroup;
			children = (
				EEAE3E77226FF9DB00D8170D /* ColorUtil.swift */,
			);
			path = Util;
			sourceTree = "<group>";
		};
		EEAE3E79226FFA5C00D8170D /* extensions */ = {
			isa = PBXGroup;
			children = (
				EEAE3E7A226FFA6A00D8170D /* UIView+.swift */,
				EEAE3E992275AEA500D8170D /* UITableView+.swift */,
				EEAE3EA32275D3C900D8170D /* UICollectionView+.swift */,
			);
			path = extensions;
			sourceTree = "<group>";
		};
		EEAE3E80226FFE8900D8170D /* toolbar1 */ = {
			isa = PBXGroup;
			children = (
				EEAE3E82226FFEA200D8170D /* Toolbar.swift */,
				EEAE3E81226FFEA200D8170D /* Toolbar.xib */,
			);
			path = toolbar1;
			sourceTree = "<group>";
		};
		EEAE3E852270078300D8170D /* tableView */ = {
			isa = PBXGroup;
			children = (
				EEAE3E862270078B00D8170D /* cell */,
			);
			path = tableView;
			sourceTree = "<group>";
		};
		EEAE3E862270078B00D8170D /* cell */ = {
			isa = PBXGroup;
			children = (
				EEAE3E872270079800D8170D /* ccell1 */,
			);
			path = cell;
			sourceTree = "<group>";
		};
		EEAE3E872270079800D8170D /* ccell1 */ = {
			isa = PBXGroup;
			children = (
				EEAE3E952274BD9900D8170D /* model */,
				EEAE3E88227007B300D8170D /* CustomCell1TableViewCell.swift */,
				EEAE3E8B227007C400D8170D /* CustomCell1.xib */,
			);
			path = ccell1;
			sourceTree = "<group>";
		};
		EEAE3E8D22703A5100D8170D /* UITableView */ = {
			isa = PBXGroup;
			children = (
				EEAE3E8E22703A6700D8170D /* UITableViewSB.storyboard */,
				EEAE3E902270560200D8170D /* TableViewController.swift */,
			);
			path = UITableView;
			sourceTree = "<group>";
		};
		EEAE3E952274BD9900D8170D /* model */ = {
			isa = PBXGroup;
			children = (
				EEAE3E932274BD7E00D8170D /* UITableViewModelContent.swift */,
			);
			path = model;
			sourceTree = "<group>";
		};
		EEAE3E9C2275D10800D8170D /* collectionView */ = {
			isa = PBXGroup;
			children = (
				EEAE3E9D2275D13800D8170D /* collectionCell1 */,
			);
			path = collectionView;
			sourceTree = "<group>";
		};
		EEAE3E9D2275D13800D8170D /* collectionCell1 */ = {
			isa = PBXGroup;
			children = (
				EEAE3EA22275D1DF00D8170D /* model */,
				EEAE3E9E2275D14E00D8170D /* CollectionCell1.xib */,
				EEAE3EA02275D19000D8170D /* CollectionCell1CollectionViewCell.swift */,
			);
			path = collectionCell1;
			sourceTree = "<group>";
		};
		EEAE3EA22275D1DF00D8170D /* model */ = {
			isa = PBXGroup;
			children = (
			);
			path = model;
			sourceTree = "<group>";
		};
		EEAE3EA62275F19A00D8170D /* UICollectionView */ = {
			isa = PBXGroup;
			children = (
				EEAE3EA72275F1BC00D8170D /* UICollection.storyboard */,
				EEAE3EA92275F1D500D8170D /* UICollectionViewController.swift */,
			);
			path = UICollectionView;
			sourceTree = "<group>";
		};
/* End PBXGroup section */

/* Begin PBXNativeTarget section */
		EE464A8A22524381001DA1B3 /* testingPods */ = {
			isa = PBXNativeTarget;
			buildConfigurationList = EE464A9D22524383001DA1B3 /* Build configuration list for PBXNativeTarget "testingPods" */;
			buildPhases = (
				291FB9F81F454CD0459FAAF8 /* [CP] Check Pods Manifest.lock */,
				EE464A8722524381001DA1B3 /* Sources */,
				EE464A8822524381001DA1B3 /* Frameworks */,
				EE464A8922524381001DA1B3 /* Resources */,
				C058A274B97C8C68562B5EA9 /* [CP] Embed Pods Frameworks */,
				0F282D6ED0BC613EFBE88DDA /* [CP] Copy Pods Resources */,
				EEAE3E7C226FFC7500D8170D /* CopyFiles */,
			);
			buildRules = (
			);
			dependencies = (
			);
			name = testingPods;
			productName = testingPods;
			productReference = EE464A8B22524381001DA1B3 /* testingPods.app */;
			productType = "com.apple.product-type.application";
		};
/* End PBXNativeTarget section */

/* Begin PBXProject section */
		EE464A8322524381001DA1B3 /* Project object */ = {
			isa = PBXProject;
			attributes = {
				LastSwiftUpdateCheck = 1010;
				LastUpgradeCheck = 1010;
				ORGANIZATIONNAME = "Lainel John Dela Cruz";
				TargetAttributes = {
					EE464A8A22524381001DA1B3 = {
						CreatedOnToolsVersion = 10.1;
					};
				};
			};
			buildConfigurationList = EE464A8622524381001DA1B3 /* Build configuration list for PBXProject "testingPods" */;
			compatibilityVersion = "Xcode 9.3";
			developmentRegion = en;
			hasScannedForEncodings = 0;
			knownRegions = (
				en,
				Base,
			);
			mainGroup = EE464A8222524381001DA1B3;
			productRefGroup = EE464A8C22524381001DA1B3 /* Products */;
			projectDirPath = "";
			projectRoot = "";
			targets = (
				EE464A8A22524381001DA1B3 /* testingPods */,
			);
		};
/* End PBXProject section */

/* Begin PBXResourcesBuildPhase section */
		EE464A8922524381001DA1B3 /* Resources */ = {
			isa = PBXResourcesBuildPhase;
			buildActionMask = 2147483647;
			files = (
				EEAE3E8F22703A6700D8170D /* UITableViewSB.storyboard in Resources */,
				EEAE3E9F2275D14E00D8170D /* CollectionCell1.xib in Resources */,
				EEAE3E8C227007C400D8170D /* CustomCell1.xib in Resources */,
				EE464A9922524383001DA1B3 /* LaunchScreen.storyboard in Resources */,
				EE464A9622524383001DA1B3 /* Assets.xcassets in Resources */,
				EEAE3E83226FFEA200D8170D /* Toolbar.xib in Resources */,
				EEAE3E69226F895B00D8170D /* UIScrollSB.storyboard in Resources */,
				EEAE3EA82275F1BC00D8170D /* UICollection.storyboard in Resources */,
				EE464A9422524381001DA1B3 /* Main.storyboard in Resources */,
			);
			runOnlyForDeploymentPostprocessing = 0;
		};
/* End PBXResourcesBuildPhase section */

/* Begin PBXShellScriptBuildPhase section */
		0F282D6ED0BC613EFBE88DDA /* [CP] Copy Pods Resources */ = {
			isa = PBXShellScriptBuildPhase;
			buildActionMask = 2147483647;
			files = (
			);
			inputFileListPaths = (
			);
			inputPaths = (
			);
			name = "[CP] Copy Pods Resources";
			outputFileListPaths = (
			);
			outputPaths = (
			);
			runOnlyForDeploymentPostprocessing = 0;
			shellPath = /bin/sh;
			shellScript = "\"${SRCROOT}/Pods/Target Support Files/Pods-testingPods/Pods-testingPods-resources.sh\"\n";
			showEnvVarsInLog = 0;
		};
		291FB9F81F454CD0459FAAF8 /* [CP] Check Pods Manifest.lock */ = {
			isa = PBXShellScriptBuildPhase;
			buildActionMask = 2147483647;
			files = (
			);
			inputFileListPaths = (
			);
			inputPaths = (
				"${PODS_PODFILE_DIR_PATH}/Podfile.lock",
				"${PODS_ROOT}/Manifest.lock",
			);
			name = "[CP] Check Pods Manifest.lock";
			outputFileListPaths = (
			);
			outputPaths = (
				"$(DERIVED_FILE_DIR)/Pods-testingPods-checkManifestLockResult.txt",
			);
			runOnlyForDeploymentPostprocessing = 0;
			shellPath = /bin/sh;
			shellScript = "diff \"${PODS_PODFILE_DIR_PATH}/Podfile.lock\" \"${PODS_ROOT}/Manifest.lock\" > /dev/null\nif [ $? != 0 ] ; then\n    # print error to STDERR\n    echo \"error: The sandbox is not in sync with the Podfile.lock. Run 'pod install' or update your CocoaPods installation.\" >&2\n    exit 1\nfi\n# This output is used by Xcode 'outputs' to avoid re-running this script phase.\necho \"SUCCESS\" > \"${SCRIPT_OUTPUT_FILE_0}\"\n";
			showEnvVarsInLog = 0;
		};
		C058A274B97C8C68562B5EA9 /* [CP] Embed Pods Frameworks */ = {
			isa = PBXShellScriptBuildPhase;
			buildActionMask = 2147483647;
			files = (
			);
			inputFileListPaths = (
			);
			inputPaths = (
				"${SRCROOT}/Pods/Target Support Files/Pods-testingPods/Pods-testingPods-frameworks.sh",
				"${BUILT_PRODUCTS_DIR}/Alamofire/Alamofire.framework",
				"${BUILT_PRODUCTS_DIR}/AttributedTextView/AttributedTextView.framework",
				"${BUILT_PRODUCTS_DIR}/CHIPageControl/CHIPageControl.framework",
				"${BUILT_PRODUCTS_DIR}/Cosmos/Cosmos.framework",
				"${BUILT_PRODUCTS_DIR}/GoogleUtilities/GoogleUtilities.framework",
				"${BUILT_PRODUCTS_DIR}/IQKeyboardManagerSwift/IQKeyboardManagerSwift.framework",
				"${BUILT_PRODUCTS_DIR}/MBProgressHUD/MBProgressHUD.framework",
				"${BUILT_PRODUCTS_DIR}/Moya/Moya.framework",
				"${BUILT_PRODUCTS_DIR}/Moya-ObjectMapper/Moya_ObjectMapper.framework",
				"${BUILT_PRODUCTS_DIR}/ObjectMapper/ObjectMapper.framework",
				"${BUILT_PRODUCTS_DIR}/Protobuf/Protobuf.framework",
				"${BUILT_PRODUCTS_DIR}/ReactiveSwift/ReactiveSwift.framework",
				"${BUILT_PRODUCTS_DIR}/Result/Result.framework",
				"${BUILT_PRODUCTS_DIR}/RxAtomic/RxAtomic.framework",
				"${BUILT_PRODUCTS_DIR}/RxSwift/RxSwift.framework",
				"${BUILT_PRODUCTS_DIR}/SwiftEventBus/SwiftEventBus.framework",
				"${BUILT_PRODUCTS_DIR}/SwiftKeychainWrapper/SwiftKeychainWrapper.framework",
				"${BUILT_PRODUCTS_DIR}/SwiftyRSA/SwiftyRSA.framework",
				"${BUILT_PRODUCTS_DIR}/Swinject/Swinject.framework",
				"${BUILT_PRODUCTS_DIR}/SwinjectAutoregistration/SwinjectAutoregistration.framework",
				"${BUILT_PRODUCTS_DIR}/SwinjectStoryboard/SwinjectStoryboard.framework",
				"${BUILT_PRODUCTS_DIR}/nanopb/nanopb.framework",
			);
			name = "[CP] Embed Pods Frameworks";
			outputFileListPaths = (
			);
			outputPaths = (
				"${TARGET_BUILD_DIR}/${FRAMEWORKS_FOLDER_PATH}/Alamofire.framework",
				"${TARGET_BUILD_DIR}/${FRAMEWORKS_FOLDER_PATH}/AttributedTextView.framework",
				"${TARGET_BUILD_DIR}/${FRAMEWORKS_FOLDER_PATH}/CHIPageControl.framework",
				"${TARGET_BUILD_DIR}/${FRAMEWORKS_FOLDER_PATH}/Cosmos.framework",
				"${TARGET_BUILD_DIR}/${FRAMEWORKS_FOLDER_PATH}/GoogleUtilities.framework",
				"${TARGET_BUILD_DIR}/${FRAMEWORKS_FOLDER_PATH}/IQKeyboardManagerSwift.framework",
				"${TARGET_BUILD_DIR}/${FRAMEWORKS_FOLDER_PATH}/MBProgressHUD.framework",
				"${TARGET_BUILD_DIR}/${FRAMEWORKS_FOLDER_PATH}/Moya.framework",
				"${TARGET_BUILD_DIR}/${FRAMEWORKS_FOLDER_PATH}/Moya_ObjectMapper.framework",
				"${TARGET_BUILD_DIR}/${FRAMEWORKS_FOLDER_PATH}/ObjectMapper.framework",
				"${TARGET_BUILD_DIR}/${FRAMEWORKS_FOLDER_PATH}/Protobuf.framework",
				"${TARGET_BUILD_DIR}/${FRAMEWORKS_FOLDER_PATH}/ReactiveSwift.framework",
				"${TARGET_BUILD_DIR}/${FRAMEWORKS_FOLDER_PATH}/Result.framework",
				"${TARGET_BUILD_DIR}/${FRAMEWORKS_FOLDER_PATH}/RxAtomic.framework",
				"${TARGET_BUILD_DIR}/${FRAMEWORKS_FOLDER_PATH}/RxSwift.framework",
				"${TARGET_BUILD_DIR}/${FRAMEWORKS_FOLDER_PATH}/SwiftEventBus.framework",
				"${TARGET_BUILD_DIR}/${FRAMEWORKS_FOLDER_PATH}/SwiftKeychainWrapper.framework",
				"${TARGET_BUILD_DIR}/${FRAMEWORKS_FOLDER_PATH}/SwiftyRSA.framework",
				"${TARGET_BUILD_DIR}/${FRAMEWORKS_FOLDER_PATH}/Swinject.framework",
				"${TARGET_BUILD_DIR}/${FRAMEWORKS_FOLDER_PATH}/SwinjectAutoregistration.framework",
				"${TARGET_BUILD_DIR}/${FRAMEWORKS_FOLDER_PATH}/SwinjectStoryboard.framework",
				"${TARGET_BUILD_DIR}/${FRAMEWORKS_FOLDER_PATH}/nanopb.framework",
			);
			runOnlyForDeploymentPostprocessing = 0;
			shellPath = /bin/sh;
			shellScript = "\"${SRCROOT}/Pods/Target Support Files/Pods-testingPods/Pods-testingPods-frameworks.sh\"\n";
			showEnvVarsInLog = 0;
		};
/* End PBXShellScriptBuildPhase section */

/* Begin PBXSourcesBuildPhase section */
		EE464A8722524381001DA1B3 /* Sources */ = {
			isa = PBXSourcesBuildPhase;
			buildActionMask = 2147483647;
			files = (
				EEAE3E7B226FFA6A00D8170D /* UIView+.swift in Sources */,
				EEAE3EAA2275F1D500D8170D /* UICollectionViewController.swift in Sources */,
				EEAE3E942274BD7E00D8170D /* UITableViewModelContent.swift in Sources */,
				EE464A9122524381001DA1B3 /* ViewController.swift in Sources */,
				EEAE3E9A2275AEA500D8170D /* UITableView+.swift in Sources */,
				EEAE3E6B226F897300D8170D /* UIScrollViewController.swift in Sources */,
				EEAE3EA12275D19000D8170D /* CollectionCell1CollectionViewCell.swift in Sources */,
				EEAE3E912270560200D8170D /* TableViewController.swift in Sources */,
				EEAE3E84226FFEA200D8170D /* Toolbar.swift in Sources */,
				EEAE3E89227007B300D8170D /* CustomCell1TableViewCell.swift in Sources */,
				EE464A8F22524381001DA1B3 /* AppDelegate.swift in Sources */,
				EEAE3EA42275D3C900D8170D /* UICollectionView+.swift in Sources */,
				EEAE3E78226FF9DB00D8170D /* ColorUtil.swift in Sources */,
			);
			runOnlyForDeploymentPostprocessing = 0;
		};
/* End PBXSourcesBuildPhase section */

/* Begin PBXVariantGroup section */
		EE464A9222524381001DA1B3 /* Main.storyboard */ = {
			isa = PBXVariantGroup;
			children = (
				EE464A9322524381001DA1B3 /* Base */,
			);
			name = Main.storyboard;
			sourceTree = "<group>";
		};
		EE464A9722524383001DA1B3 /* LaunchScreen.storyboard */ = {
			isa = PBXVariantGroup;
			children = (
				EE464A9822524383001DA1B3 /* Base */,
			);
			name = LaunchScreen.storyboard;
			sourceTree = "<group>";
		};
/* End PBXVariantGroup section */

/* Begin XCBuildConfiguration section */
		EE464A9B22524383001DA1B3 /* Debug */ = {
			isa = XCBuildConfiguration;
			buildSettings = {
				ALWAYS_SEARCH_USER_PATHS = NO;
				CLANG_ANALYZER_NONNULL = YES;
				CLANG_ANALYZER_NUMBER_OBJECT_CONVERSION = YES_AGGRESSIVE;
				CLANG_CXX_LANGUAGE_STANDARD = "gnu++14";
				CLANG_CXX_LIBRARY = "libc++";
				CLANG_ENABLE_MODULES = YES;
				CLANG_ENABLE_OBJC_ARC = YES;
				CLANG_ENABLE_OBJC_WEAK = YES;
				CLANG_WARN_BLOCK_CAPTURE_AUTORELEASING = YES;
				CLANG_WARN_BOOL_CONVERSION = YES;
				CLANG_WARN_COMMA = YES;
				CLANG_WARN_CONSTANT_CONVERSION = YES;
				CLANG_WARN_DEPRECATED_OBJC_IMPLEMENTATIONS = YES;
				CLANG_WARN_DIRECT_OBJC_ISA_USAGE = YES_ERROR;
				CLANG_WARN_DOCUMENTATION_COMMENTS = YES;
				CLANG_WARN_EMPTY_BODY = YES;
				CLANG_WARN_ENUM_CONVERSION = YES;
				CLANG_WARN_INFINITE_RECURSION = YES;
				CLANG_WARN_INT_CONVERSION = YES;
				CLANG_WARN_NON_LITERAL_NULL_CONVERSION = YES;
				CLANG_WARN_OBJC_IMPLICIT_RETAIN_SELF = YES;
				CLANG_WARN_OBJC_LITERAL_CONVERSION = YES;
				CLANG_WARN_OBJC_ROOT_CLASS = YES_ERROR;
				CLANG_WARN_RANGE_LOOP_ANALYSIS = YES;
				CLANG_WARN_STRICT_PROTOTYPES = YES;
				CLANG_WARN_SUSPICIOUS_MOVE = YES;
				CLANG_WARN_UNGUARDED_AVAILABILITY = YES_AGGRESSIVE;
				CLANG_WARN_UNREACHABLE_CODE = YES;
				CLANG_WARN__DUPLICATE_METHOD_MATCH = YES;
				CODE_SIGN_IDENTITY = "iPhone Developer";
				COPY_PHASE_STRIP = NO;
				DEBUG_INFORMATION_FORMAT = dwarf;
				ENABLE_STRICT_OBJC_MSGSEND = YES;
				ENABLE_TESTABILITY = YES;
				GCC_C_LANGUAGE_STANDARD = gnu11;
				GCC_DYNAMIC_NO_PIC = NO;
				GCC_NO_COMMON_BLOCKS = YES;
				GCC_OPTIMIZATION_LEVEL = 0;
				GCC_PREPROCESSOR_DEFINITIONS = (
					"DEBUG=1",
					"$(inherited)",
				);
				GCC_WARN_64_TO_32_BIT_CONVERSION = YES;
				GCC_WARN_ABOUT_RETURN_TYPE = YES_ERROR;
				GCC_WARN_UNDECLARED_SELECTOR = YES;
				GCC_WARN_UNINITIALIZED_AUTOS = YES_AGGRESSIVE;
				GCC_WARN_UNUSED_FUNCTION = YES;
				GCC_WARN_UNUSED_VARIABLE = YES;
				IPHONEOS_DEPLOYMENT_TARGET = 12.1;
				MTL_ENABLE_DEBUG_INFO = INCLUDE_SOURCE;
				MTL_FAST_MATH = YES;
				ONLY_ACTIVE_ARCH = YES;
				SDKROOT = iphoneos;
				SWIFT_ACTIVE_COMPILATION_CONDITIONS = DEBUG;
				SWIFT_OPTIMIZATION_LEVEL = "-Onone";
			};
			name = Debug;
		};
		EE464A9C22524383001DA1B3 /* Release */ = {
			isa = XCBuildConfiguration;
			buildSettings = {
				ALWAYS_SEARCH_USER_PATHS = NO;
				CLANG_ANALYZER_NONNULL = YES;
				CLANG_ANALYZER_NUMBER_OBJECT_CONVERSION = YES_AGGRESSIVE;
				CLANG_CXX_LANGUAGE_STANDARD = "gnu++14";
				CLANG_CXX_LIBRARY = "libc++";
				CLANG_ENABLE_MODULES = YES;
				CLANG_ENABLE_OBJC_ARC = YES;
				CLANG_ENABLE_OBJC_WEAK = YES;
				CLANG_WARN_BLOCK_CAPTURE_AUTORELEASING = YES;
				CLANG_WARN_BOOL_CONVERSION = YES;
				CLANG_WARN_COMMA = YES;
				CLANG_WARN_CONSTANT_CONVERSION = YES;
				CLANG_WARN_DEPRECATED_OBJC_IMPLEMENTATIONS = YES;
				CLANG_WARN_DIRECT_OBJC_ISA_USAGE = YES_ERROR;
				CLANG_WARN_DOCUMENTATION_COMMENTS = YES;
				CLANG_WARN_EMPTY_BODY = YES;
				CLANG_WARN_ENUM_CONVERSION = YES;
				CLANG_WARN_INFINITE_RECURSION = YES;
				CLANG_WARN_INT_CONVERSION = YES;
				CLANG_WARN_NON_LITERAL_NULL_CONVERSION = YES;
				CLANG_WARN_OBJC_IMPLICIT_RETAIN_SELF = YES;
				CLANG_WARN_OBJC_LITERAL_CONVERSION = YES;
				CLANG_WARN_OBJC_ROOT_CLASS = YES_ERROR;
				CLANG_WARN_RANGE_LOOP_ANALYSIS = YES;
				CLANG_WARN_STRICT_PROTOTYPES = YES;
				CLANG_WARN_SUSPICIOUS_MOVE = YES;
				CLANG_WARN_UNGUARDED_AVAILABILITY = YES_AGGRESSIVE;
				CLANG_WARN_UNREACHABLE_CODE = YES;
				CLANG_WARN__DUPLICATE_METHOD_MATCH = YES;
				CODE_SIGN_IDENTITY = "iPhone Developer";
				COPY_PHASE_STRIP = NO;
				DEBUG_INFORMATION_FORMAT = "dwarf-with-dsym";
				ENABLE_NS_ASSERTIONS = NO;
				ENABLE_STRICT_OBJC_MSGSEND = YES;
				GCC_C_LANGUAGE_STANDARD = gnu11;
				GCC_NO_COMMON_BLOCKS = YES;
				GCC_WARN_64_TO_32_BIT_CONVERSION = YES;
				GCC_WARN_ABOUT_RETURN_TYPE = YES_ERROR;
				GCC_WARN_UNDECLARED_SELECTOR = YES;
				GCC_WARN_UNINITIALIZED_AUTOS = YES_AGGRESSIVE;
				GCC_WARN_UNUSED_FUNCTION = YES;
				GCC_WARN_UNUSED_VARIABLE = YES;
				IPHONEOS_DEPLOYMENT_TARGET = 12.1;
				MTL_ENABLE_DEBUG_INFO = NO;
				MTL_FAST_MATH = YES;
				SDKROOT = iphoneos;
				SWIFT_COMPILATION_MODE = wholemodule;
				SWIFT_OPTIMIZATION_LEVEL = "-O";
				VALIDATE_PRODUCT = YES;
			};
			name = Release;
		};
		EE464A9E22524383001DA1B3 /* Debug */ = {
			isa = XCBuildConfiguration;
			baseConfigurationReference = DF431A57267CB642FAF7B41E /* Pods-testingPods.debug.xcconfig */;
			buildSettings = {
				ASSETCATALOG_COMPILER_APPICON_NAME = AppIcon;
				CODE_SIGN_STYLE = Automatic;
				DEVELOPMENT_TEAM = 93CXP6R5M8;
				INFOPLIST_FILE = testingPods/Info.plist;
				LD_RUNPATH_SEARCH_PATHS = (
					"$(inherited)",
					"@executable_path/Frameworks",
				);
				PRODUCT_BUNDLE_IDENTIFIER = ljbdelacruz.testingPods;
				PRODUCT_NAME = "$(TARGET_NAME)";
				SWIFT_VERSION = 4.2;
				TARGETED_DEVICE_FAMILY = "1,2";
			};
			name = Debug;
		};
		EE464A9F22524383001DA1B3 /* Release */ = {
			isa = XCBuildConfiguration;
			baseConfigurationReference = 79DF2F262106F0A17B7794DB /* Pods-testingPods.release.xcconfig */;
			buildSettings = {
				ASSETCATALOG_COMPILER_APPICON_NAME = AppIcon;
				CODE_SIGN_STYLE = Automatic;
				DEVELOPMENT_TEAM = 93CXP6R5M8;
				INFOPLIST_FILE = testingPods/Info.plist;
				LD_RUNPATH_SEARCH_PATHS = (
					"$(inherited)",
					"@executable_path/Frameworks",
				);
				PRODUCT_BUNDLE_IDENTIFIER = ljbdelacruz.testingPods;
				PRODUCT_NAME = "$(TARGET_NAME)";
				SWIFT_VERSION = 4.2;
				TARGETED_DEVICE_FAMILY = "1,2";
			};
			name = Release;
		};
/* End XCBuildConfiguration section */

/* Begin XCConfigurationList section */
		EE464A8622524381001DA1B3 /* Build configuration list for PBXProject "testingPods" */ = {
			isa = XCConfigurationList;
			buildConfigurations = (
				EE464A9B22524383001DA1B3 /* Debug */,
				EE464A9C22524383001DA1B3 /* Release */,
			);
			defaultConfigurationIsVisible = 0;
			defaultConfigurationName = Release;
		};
		EE464A9D22524383001DA1B3 /* Build configuration list for PBXNativeTarget "testingPods" */ = {
			isa = XCConfigurationList;
			buildConfigurations = (
				EE464A9E22524383001DA1B3 /* Debug */,
				EE464A9F22524383001DA1B3 /* Release */,
			);
			defaultConfigurationIsVisible = 0;
			defaultConfigurationName = Release;
		};
/* End XCConfigurationList section */
	};
	rootObject = EE464A8322524381001DA1B3 /* Project object */;
}
